# @generated - this file is auto-generated by `mise lock` https://mise.jdx.dev/dev-tools/mise-lock.html

lockfile_version = 1

[[tools."cargo:aviutl2-cli"]]
version = "0.11.2"
backend = "cargo:aviutl2-cli"
specifiers = ["latest"]

[[tools."cargo:cargo-edit"]]
version = "0.13.13"
backend = "cargo:cargo-edit"
specifiers = ["latest"]

[[tools."github:EmbarkStudios/cargo-about"]]
version = "0.9.2"
backend = "github:EmbarkStudios/cargo-about"
specifiers = ["latest"]

[tools."github:EmbarkStudios/cargo-about"."platforms.linux-arm64"]
checksum = "sha256:af5169282fb6f84e13471493f405437e43ac517744c9ae12fbe2cdf0a6f0e5a8"
url = "https://github.com/EmbarkStudios/cargo-about/releases/download/0.9.2/cargo-about-0.9.2-aarch64-unknown-linux-musl.tar.gz"
url_api = "https://api.github.com/repos/EmbarkStudios/cargo-about/releases/assets/519590290"

[tools."github:EmbarkStudios/cargo-about"."platforms.linux-arm64-musl"]
checksum = "sha256:af5169282fb6f84e13471493f405437e43ac517744c9ae12fbe2cdf0a6f0e5a8"
url = "https://github.com/EmbarkStudios/cargo-about/releases/download/0.9.2/cargo-about-0.9.2-aarch64-unknown-linux-musl.tar.gz"
url_api = "https://api.github.com/repos/EmbarkStudios/cargo-about/releases/assets/519590290"

[tools."github:EmbarkStudios/cargo-about"."platforms.linux-x64"]
checksum = "sha256:9099a59e820c38a68b9d65f300662a567d56562f9a10f6aa4c7e86c17c2566af"
url = "https://github.com/EmbarkStudios/cargo-about/releases/download/0.9.2/cargo-about-0.9.2-x86_64-unknown-linux-musl.tar.gz"
url_api = "https://api.github.com/repos/EmbarkStudios/cargo-about/releases/assets/519590057"

[tools."github:EmbarkStudios/cargo-about"."platforms.linux-x64-musl"]
checksum = "sha256:9099a59e820c38a68b9d65f300662a567d56562f9a10f6aa4c7e86c17c2566af"
url = "https://github.com/EmbarkStudios/cargo-about/releases/download/0.9.2/cargo-about-0.9.2-x86_64-unknown-linux-musl.tar.gz"
url_api = "https://api.github.com/repos/EmbarkStudios/cargo-about/releases/assets/519590057"

[tools."github:EmbarkStudios/cargo-about"."platforms.macos-arm64"]
checksum = "sha256:ae72f0df0c399a1e96336f696fa55b1b28679fd725632eba8cf8e4568467cc3e"
url = "https://github.com/EmbarkStudios/cargo-about/releases/download/0.9.2/cargo-about-0.9.2-aarch64-apple-darwin.tar.gz"
url_api = "https://api.github.com/repos/EmbarkStudios/cargo-about/releases/assets/519589772"

[tools."github:EmbarkStudios/cargo-about"."platforms.windows-x64"]
checksum = "sha256:1c03e5890238562497c2d89a3b75b02560af349c1fc3e713d3284f532a5cd748"
url = "https://github.com/EmbarkStudios/cargo-about/releases/download/0.9.2/cargo-about-0.9.2-x86_64-pc-windows-msvc.tar.gz"
url_api = "https://api.github.com/repos/EmbarkStudios/cargo-about/releases/assets/519591745"

[[tools."github:karoterra/aviutl2-aulua"]]
version = "0.14.0"
backend = "github:karoterra/aviutl2-aulua"
specifiers = ["latest"]

[tools."github:karoterra/aviutl2-aulua"."platforms.linux-x64"]
checksum = "sha256:ed87b11e3a06b7d843d40d0b1605626d2a982f411b66b18da51dc4c175336696"
url = "https://github.com/karoterra/aviutl2-aulua/releases/download/v0.14.0/aulua-v0.14.0-linux-x64.tar.gz"
url_api = "https://api.github.com/repos/karoterra/aviutl2-aulua/releases/assets/525050796"
provenance = "github-attestations"

[tools."github:karoterra/aviutl2-aulua"."platforms.linux-x64-musl"]
checksum = "sha256:ed87b11e3a06b7d843d40d0b1605626d2a982f411b66b18da51dc4c175336696"
url = "https://github.com/karoterra/aviutl2-aulua/releases/download/v0.14.0/aulua-v0.14.0-linux-x64.tar.gz"
url_api = "https://api.github.com/repos/karoterra/aviutl2-aulua/releases/assets/525050796"
provenance = "github-attestations"

[tools."github:karoterra/aviutl2-aulua"."platforms.windows-x64"]
checksum = "sha256:814caa59b276a2d5f28c421c7259cb0d5e0373bf853d524600383bd2e2661fe9"
url = "https://github.com/karoterra/aviutl2-aulua/releases/download/v0.14.0/aulua-v0.14.0-windows-x64.zip"
url_api = "https://api.github.com/repos/karoterra/aviutl2-aulua/releases/assets/525050795"
provenance = "github-attestations"
provenance_verified = true

[[tools."npm:glob-bin"]]
version = "1.1.0"
aube = { path = ".mise/locks/npm-glob-bin/1.1.0", digest = "sha256:d0dc2b93f7912bd4a05265c436ead1d8383b45c711d3e626d4665451a5768ae3" }
backend = "npm:glob-bin"
specifiers = ["latest"]

[[tools.stylua]]
version = "2.5.2"
backend = "aqua:JohnnyMorganz/StyLua"
specifiers = ["latest"]

[tools.stylua."platforms.linux-arm64"]
checksum = "sha256:0ef2ebf0b7e5a652b65c4cb96c6d9ffb3981a98547de3c764465bbf54a8d761a"
url = "https://github.com/JohnnyMorganz/StyLua/releases/download/v2.5.2/stylua-linux-aarch64.zip"
url_api = "https://api.github.com/repos/JohnnyMorganz/StyLua/releases/assets/421900973"

[tools.stylua."platforms.linux-arm64-musl"]
checksum = "sha256:b948df6b4bae41af9a70948174372f96a3c14d44e3e017288701539f3db8fb75"
url = "https://github.com/JohnnyMorganz/StyLua/releases/download/v2.5.2/stylua-linux-aarch64-musl.zip"
url_api = "https://api.github.com/repos/JohnnyMorganz/StyLua/releases/assets/421900982"

[tools.stylua."platforms.linux-x64"]
checksum = "sha256:ca6f1cf52eaf69e6632b81acef9c197aa24b85eb30d2455a35e7dbe28ae77c72"
url = "https://github.com/JohnnyMorganz/StyLua/releases/download/v2.5.2/stylua-linux-x86_64-musl.zip"
url_api = "https://api.github.com/repos/JohnnyMorganz/StyLua/releases/assets/421901066"

[tools.stylua."platforms.linux-x64-musl"]
checksum = "sha256:ca6f1cf52eaf69e6632b81acef9c197aa24b85eb30d2455a35e7dbe28ae77c72"
url = "https://github.com/JohnnyMorganz/StyLua/releases/download/v2.5.2/stylua-linux-x86_64-musl.zip"
url_api = "https://api.github.com/repos/JohnnyMorganz/StyLua/releases/assets/421901066"

[tools.stylua."platforms.macos-arm64"]
checksum = "sha256:92ff0889e16324801bc072692974bb67f8161e62010fc90f96c62a17f81f32c7"
url = "https://github.com/JohnnyMorganz/StyLua/releases/download/v2.5.2/stylua-macos-aarch64.zip"
url_api = "https://api.github.com/repos/JohnnyMorganz/StyLua/releases/assets/421901102"

[tools.stylua."platforms.windows-x64"]
checksum = "sha256:e77d0ea1226b8b389b43f702240091249a96eea25857281f90ea24d0eb9eb969"
url = "https://github.com/JohnnyMorganz/StyLua/releases/download/v2.5.2/stylua-windows-x86_64.zip"
url_api = "https://api.github.com/repos/JohnnyMorganz/StyLua/releases/assets/421902292"
